
Microsoft Visual Studio Solution File, Format Version 12.00
# Visual Studio 15
VisualStudioVersion = 15.0.28307.329
MinimumVisualStudioVersion = 10.0.40219.1
Project("{8BC9CEB8-8B4A-11D0-8D11-00A0C91BC942}") = "ms5", "ms5.vcxproj", "{0591C70E-8A41-4FF3-9155-2EEAD973D9A9}"
EndProject
Global
	GlobalSection(SolutionConfigurationPlatforms) = preSolution
		Debug|x64 = Debug|x64
		Debug|x86 = Debug|x86
		Release|x64 = Release|x64
		Release|x86 = Release|x86
	EndGlobalSection
	GlobalSection(ProjectConfigurationPlatforms) = postSolution
		{0591C70E-8A41-4FF3-9155-2EEAD973D9A9}.Debug|x64.ActiveCfg = Debug|x64
		{0591C70E-8A41-4FF3-9155-2EEAD973D9A9}.Debug|x64.Build.0 = Debug|x64
		{0591C70E-8A41-4FF3-9155-2EEAD973D9A9}.Debug|x86.ActiveCfg = Debug|Win32
		{0591C70E-8A41-4FF3-9155-2EEAD973D9A9}.Debug|x86.Build.0 = Debug|Win32
		{0591C70E-8A41-4FF3-9155-2EEAD973D9A9}.Release|x64.ActiveCfg = Release|x64
		{0591C70E-8A41-4FF3-9155-2EEAD973D9A9}.Release|x64.Build.0 = Release|x64
		{0591C70E-8A41-4FF3-9155-2EEAD973D9A9}.Release|x86.ActiveCfg = Release|Win32
		{0591C70E-8A41-4FF3-9155-2EEAD973D9A9}.Release|x86.Build.0 = Release|Win32
	EndGlobalSection
	GlobalSection(SolutionProperties) = preSolution
		HideSolutionNode = FALSE
	EndGlobalSection
	GlobalSection(ExtensibilityGlobals) = postSolution
		SolutionGuid = {F3B4273F-C2CF-46E4-B1A5-CBC4484A2C94}
	EndGlobalSection
EndGlobal
